// !$*UTF8*$!
{
	archiveVersion = 1;
	classes = {
	};
	objectVersion = 46;
	objects = {

/* Begin PBXBuildFile section */
		155EA53BEA95C4B113CEE2CB /* Pods_LastTodoApp2Tests.framework in Frameworks */ = {isa = PBXBuildFile; fileRef = 28F976B9AF4826E2FD09FBCD /* Pods_LastTodoApp2Tests.framework */; };
		5B89EA4C1F82861300254C9C /* AppDelegate.swift in Sources */ = {isa = PBXBuildFile; fileRef = 5B89EA4B1F82861300254C9C /* AppDelegate.swift */; };
		5B89EA4E1F82861400254C9C /* todoController.swift in Sources */ = {isa = PBXBuildFile; fileRef = 5B89EA4D1F82861400254C9C /* todoController.swift */; };
		5B89EA511F82861400254C9C /* Main.storyboard in Resources */ = {isa = PBXBuildFile; fileRef = 5B89EA4F1F82861400254C9C /* Main.storyboard */; };
		5B89EA531F82861400254C9C /* Assets.xcassets in Resources */ = {isa = PBXBuildFile; fileRef = 5B89EA521F82861400254C9C /* Assets.xcassets */; };
		5B89EA561F82861400254C9C /* LaunchScreen.storyboard in Resources */ = {isa = PBXBuildFile; fileRef = 5B89EA541F82861400254C9C /* LaunchScreen.storyboard */; };
		5B89EA611F82861400254C9C /* LastTodoApp2Tests.swift in Sources */ = {isa = PBXBuildFile; fileRef = 5B89EA601F82861400254C9C /* LastTodoApp2Tests.swift */; };
		5B89EA6C1F82861400254C9C /* LastTodoApp2UITests.swift in Sources */ = {isa = PBXBuildFile; fileRef = 5B89EA6B1F82861400254C9C /* LastTodoApp2UITests.swift */; };
		5B89EA7A1F828A7E00254C9C /* todoCell.swift in Sources */ = {isa = PBXBuildFile; fileRef = 5B89EA791F828A7E00254C9C /* todoCell.swift */; };
		5B89EA821F82A5FC00254C9C /* VKCheckbox.swift in Sources */ = {isa = PBXBuildFile; fileRef = 5B89EA811F82A5FC00254C9C /* VKCheckbox.swift */; };
		5B89EA841F82C67D00254C9C /* Project.swift in Sources */ = {isa = PBXBuildFile; fileRef = 5B89EA831F82C67D00254C9C /* Project.swift */; };
		5B89EA861F82C72200254C9C /* Todo.swift in Sources */ = {isa = PBXBuildFile; fileRef = 5B89EA851F82C72200254C9C /* Todo.swift */; };
		5B89EA8C1F82DEF600254C9C /* addTodo.swift in Sources */ = {isa = PBXBuildFile; fileRef = 5B89EA8B1F82DEF500254C9C /* addTodo.swift */; };
		5B89EA931F8390CA00254C9C /* 10660.ttf in Resources */ = {isa = PBXBuildFile; fileRef = 5B89EA921F8390CA00254C9C /* 10660.ttf */; };
		7477FA1A50FF88F0D118800C /* Pods_LastTodoApp2.framework in Frameworks */ = {isa = PBXBuildFile; fileRef = 1B7062D315E25947B4B7AA07 /* Pods_LastTodoApp2.framework */; };
		9E372CA79039F52D8D8388D9 /* Pods_LastTodoApp2UITests.framework in Frameworks */ = {isa = PBXBuildFile; fileRef = CDE0AEF7B17C9825B6A5B907 /* Pods_LastTodoApp2UITests.framework */; };
/* End PBXBuildFile section */

/* Begin PBXContainerItemProxy section */
		5B89EA5D1F82861400254C9C /* PBXContainerItemProxy */ = {
			isa = PBXContainerItemProxy;
			containerPortal = 5B89EA401F82861300254C9C /* Project object */;
			proxyType = 1;
			remoteGlobalIDString = 5B89EA471F82861300254C9C;
			remoteInfo = LastTodoApp2;
		};
		5B89EA681F82861400254C9C /* PBXContainerItemProxy */ = {
			isa = PBXContainerItemProxy;
			containerPortal = 5B89EA401F82861300254C9C /* Project object */;
			proxyType = 1;
			remoteGlobalIDString = 5B89EA471F82861300254C9C;
			remoteInfo = LastTodoApp2;
		};
/* End PBXContainerItemProxy section */

/* Begin PBXFileReference section */
		1B7062D315E25947B4B7AA07 /* Pods_LastTodoApp2.framework */ = {isa = PBXFileReference; explicitFileType = wrapper.framework; includeInIndex = 0; path = Pods_LastTodoApp2.framework; sourceTree = BUILT_PRODUCTS_DIR; };
		28F976B9AF4826E2FD09FBCD /* Pods_LastTodoApp2Tests.framework */ = {isa = PBXFileReference; explicitFileType = wrapper.framework; includeInIndex = 0; path = Pods_LastTodoApp2Tests.framework; sourceTree = BUILT_PRODUCTS_DIR; };
		5B89EA481F82861300254C9C /* LastTodoApp2.app */ = {isa = PBXFileReference; explicitFileType = wrapper.application; includeInIndex = 0; path = LastTodoApp2.app; sourceTree = BUILT_PRODUCTS_DIR; };
		5B89EA4B1F82861300254C9C /* AppDelegate.swift */ = {isa = PBXFileReference; lastKnownFileType = sourcecode.swift; path = AppDelegate.swift; sourceTree = "<group>"; };
		5B89EA4D1F82861400254C9C /* todoController.swift */ = {isa = PBXFileReference; lastKnownFileType = sourcecode.swift; path = todoController.swift; sourceTree = "<group>"; };
		5B89EA501F82861400254C9C /* Base */ = {isa = PBXFileReference; lastKnownFileType = file.storyboard; name = Base; path = Base.lproj/Main.storyboard; sourceTree = "<group>"; };
		5B89EA521F82861400254C9C /* Assets.xcassets */ = {isa = PBXFileReference; lastKnownFileType = folder.assetcatalog; path = Assets.xcassets; sourceTree = "<group>"; };
		5B89EA551F82861400254C9C /* Base */ = {isa = PBXFileReference; lastKnownFileType = file.storyboard; name = Base; path = Base.lproj/LaunchScreen.storyboard; sourceTree = "<group>"; };
		5B89EA571F82861400254C9C /* Info.plist */ = {isa = PBXFileReference; lastKnownFileType = text.plist.xml; path = Info.plist; sourceTree = "<group>"; };
		5B89EA5C1F82861400254C9C /* LastTodoApp2Tests.xctest */ = {isa = PBXFileReference; explicitFileType = wrapper.cfbundle; includeInIndex = 0; path = LastTodoApp2Tests.xctest; sourceTree = BUILT_PRODUCTS_DIR; };
		5B89EA601F82861400254C9C /* LastTodoApp2Tests.swift */ = {isa = PBXFileReference; lastKnownFileType = sourcecode.swift; path = LastTodoApp2Tests.swift; sourceTree = "<group>"; };
		5B89EA621F82861400254C9C /* Info.plist */ = {isa = PBXFileReference; lastKnownFileType = text.plist.xml; path = Info.plist; sourceTree = "<group>"; };
		5B89EA671F82861400254C9C /* LastTodoApp2UITests.xctest */ = {isa = PBXFileReference; explicitFileType = wrapper.cfbundle; includeInIndex = 0; path = LastTodoApp2UITests.xctest; sourceTree = BUILT_PRODUCTS_DIR; };
		5B89EA6B1F82861400254C9C /* LastTodoApp2UITests.swift */ = {isa = PBXFileReference; lastKnownFileType = sourcecode.swift; path = LastTodoApp2UITests.swift; sourceTree = "<group>"; };
		5B89EA6D1F82861400254C9C /* Info.plist */ = {isa = PBXFileReference; lastKnownFileType = text.plist.xml; path = Info.plist; sourceTree = "<group>"; };
		5B89EA791F828A7E00254C9C /* todoCell.swift */ = {isa = PBXFileReference; fileEncoding = 4; lastKnownFileType = sourcecode.swift; path = todoCell.swift; sourceTree = "<group>"; };
		5B89EA811F82A5FC00254C9C /* VKCheckbox.swift */ = {isa = PBXFileReference; fileEncoding = 4; lastKnownFileType = sourcecode.swift; path = VKCheckbox.swift; sourceTree = "<group>"; };
		5B89EA831F82C67D00254C9C /* Project.swift */ = {isa = PBXFileReference; fileEncoding = 4; lastKnownFileType = sourcecode.swift; path = Project.swift; sourceTree = "<group>"; };
		5B89EA851F82C72200254C9C /* Todo.swift */ = {isa = PBXFileReference; fileEncoding = 4; lastKnownFileType = sourcecode.swift; path = Todo.swift; sourceTree = "<group>"; };
		5B89EA8B1F82DEF500254C9C /* addTodo.swift */ = {isa = PBXFileReference; fileEncoding = 4; lastKnownFileType = sourcecode.swift; path = addTodo.swift; sourceTree = "<group>"; };
		5B89EA921F8390CA00254C9C /* 10660.ttf */ = {isa = PBXFileReference; lastKnownFileType = file; name = 10660.ttf; path = ../../../../Downloads/10660.ttf; sourceTree = "<group>"; };
		7094471C5870868E0C702590 /* Pods-LastTodoApp2UITests.debug.xcconfig */ = {isa = PBXFileReference; includeInIndex = 1; lastKnownFileType = text.xcconfig; name = "Pods-LastTodoApp2UITests.debug.xcconfig"; path = "Pods/Target Support Files/Pods-LastTodoApp2UITests/Pods-LastTodoApp2UITests.debug.xcconfig"; sourceTree = "<group>"; };
		765BEA8376D2881AAF9C6BAB /* Pods-LastTodoApp2Tests.release.xcconfig */ = {isa = PBXFileReference; includeInIndex = 1; lastKnownFileType = text.xcconfig; name = "Pods-LastTodoApp2Tests.release.xcconfig"; path = "Pods/Target Support Files/Pods-LastTodoApp2Tests/Pods-LastTodoApp2Tests.release.xcconfig"; sourceTree = "<group>"; };
		A19FFF5A72169B127C5FE273 /* Pods-LastTodoApp2.debug.xcconfig */ = {isa = PBXFileReference; includeInIndex = 1; lastKnownFileType = text.xcconfig; name = "Pods-LastTodoApp2.debug.xcconfig"; path = "Pods/Target Support Files/Pods-LastTodoApp2/Pods-LastTodoApp2.debug.xcconfig"; sourceTree = "<group>"; };
		A46D1ED396AE7296C8D95A28 /* Pods-LastTodoApp2UITests.release.xcconfig */ = {isa = PBXFileReference; includeInIndex = 1; lastKnownFileType = text.xcconfig; name = "Pods-LastTodoApp2UITests.release.xcconfig"; path = "Pods/Target Support Files/Pods-LastTodoApp2UITests/Pods-LastTodoApp2UITests.release.xcconfig"; sourceTree = "<group>"; };
		AA0BD0CD4AEDC05FEC647378 /* Pods-LastTodoApp2Tests.debug.xcconfig */ = {isa = PBXFileReference; includeInIndex = 1; lastKnownFileType = text.xcconfig; name = "Pods-LastTodoApp2Tests.debug.xcconfig"; path = "Pods/Target Support Files/Pods-LastTodoApp2Tests/Pods-LastTodoApp2Tests.debug.xcconfig"; sourceTree = "<group>"; };
		CDE0AEF7B17C9825B6A5B907 /* Pods_LastTodoApp2UITests.framework */ = {isa = PBXFileReference; explicitFileType = wrapper.framework; includeInIndex = 0; path = Pods_LastTodoApp2UITests.framework; sourceTree = BUILT_PRODUCTS_DIR; };
		E8E97F70E6FD838219084F32 /* Pods-LastTodoApp2.release.xcconfig */ = {isa = PBXFileReference; includeInIndex = 1; lastKnownFileType = text.xcconfig; name = "Pods-LastTodoApp2.release.xcconfig"; path = "Pods/Target Support Files/Pods-LastTodoApp2/Pods-LastTodoApp2.release.xcconfig"; sourceTree = "<group>"; };
/* End PBXFileReference section */

/* Begin PBXFrameworksBuildPhase section */
		5B89EA451F82861300254C9C /* Frameworks */ = {
			isa = PBXFrameworksBuildPhase;
			buildActionMask = 2147483647;
			files = (
				7477FA1A50FF88F0D118800C /* Pods_LastTodoApp2.framework in Frameworks */,
			);
			runOnlyForDeploymentPostprocessing = 0;
		};
		5B89EA591F82861400254C9C /* Frameworks */ = {
			isa = PBXFrameworksBuildPhase;
			buildActionMask = 2147483647;
			files = (
				155EA53BEA95C4B113CEE2CB /* Pods_LastTodoApp2Tests.framework in Frameworks */,
			);
			runOnlyForDeploymentPostprocessing = 0;
		};
		5B89EA641F82861400254C9C /* Frameworks */ = {
			isa = PBXFrameworksBuildPhase;
			buildActionMask = 2147483647;
			files = (
				9E372CA79039F52D8D8388D9 /* Pods_LastTodoApp2UITests.framework in Frameworks */,
			);
			runOnlyForDeploymentPostprocessing = 0;
		};
/* End PBXFrameworksBuildPhase section */

/* Begin PBXGroup section */
		00472112B21214343BFB7643 /* Pods */ = {
			isa = PBXGroup;
			children = (
				A19FFF5A72169B127C5FE273 /* Pods-LastTodoApp2.debug.xcconfig */,
				E8E97F70E6FD838219084F32 /* Pods-LastTodoApp2.release.xcconfig */,
				AA0BD0CD4AEDC05FEC647378 /* Pods-LastTodoApp2Tests.debug.xcconfig */,
				765BEA8376D2881AAF9C6BAB /* Pods-LastTodoApp2Tests.release.xcconfig */,
				7094471C5870868E0C702590 /* Pods-LastTodoApp2UITests.debug.xcconfig */,
				A46D1ED396AE7296C8D95A28 /* Pods-LastTodoApp2UITests.release.xcconfig */,
			);
			name = Pods;
			sourceTree = "<group>";
		};
		5B89EA3F1F82861300254C9C = {
			isa = PBXGroup;
			children = (
				5B89EA4A1F82861300254C9C /* LastTodoApp2 */,
				5B89EA5F1F82861400254C9C /* LastTodoApp2Tests */,
				5B89EA6A1F82861400254C9C /* LastTodoApp2UITests */,
				5B89EA491F82861300254C9C /* Products */,
				00472112B21214343BFB7643 /* Pods */,
				68C635DC6FF662C60BC1EAED /* Frameworks */,
			);
			sourceTree = "<group>";
		};
		5B89EA491F82861300254C9C /* Products */ = {
			isa = PBXGroup;
			children = (
				5B89EA481F82861300254C9C /* LastTodoApp2.app */,
				5B89EA5C1F82861400254C9C /* LastTodoApp2Tests.xctest */,
				5B89EA671F82861400254C9C /* LastTodoApp2UITests.xctest */,
			);
			name = Products;
			sourceTree = "<group>";
		};
		5B89EA4A1F82861300254C9C /* LastTodoApp2 */ = {
			isa = PBXGroup;
			children = (
				5B89EA911F838F3900254C9C /* ember */,
				5B89EA811F82A5FC00254C9C /* VKCheckbox.swift */,
				5B89EA4B1F82861300254C9C /* AppDelegate.swift */,
				5B89EA791F828A7E00254C9C /* todoCell.swift */,
				5B89EA4D1F82861400254C9C /* todoController.swift */,
				5B89EA4F1F82861400254C9C /* Main.storyboard */,
				5B89EA521F82861400254C9C /* Assets.xcassets */,
				5B89EA541F82861400254C9C /* LaunchScreen.storyboard */,
				5B89EA571F82861400254C9C /* Info.plist */,
				5B89EA831F82C67D00254C9C /* Project.swift */,
				5B89EA851F82C72200254C9C /* Todo.swift */,
				5B89EA8B1F82DEF500254C9C /* addTodo.swift */,
			);
			path = LastTodoApp2;
			sourceTree = "<group>";
		};
		5B89EA5F1F82861400254C9C /* LastTodoApp2Tests */ = {
			isa = PBXGroup;
			children = (
				5B89EA601F82861400254C9C /* LastTodoApp2Tests.swift */,
				5B89EA621F82861400254C9C /* Info.plist */,
			);
			path = LastTodoApp2Tests;
			sourceTree = "<group>";
		};
		5B89EA6A1F82861400254C9C /* LastTodoApp2UITests */ = {
			isa = PBXGroup;
			children = (
				5B89EA6B1F82861400254C9C /* LastTodoApp2UITests.swift */,
				5B89EA6D1F82861400254C9C /* Info.plist */,
			);
			path = LastTodoApp2UITests;
			sourceTree = "<group>";
		};
		5B89EA911F838F3900254C9C /* ember */ = {
			isa = PBXGroup;
			children = (
				5B89EA921F8390CA00254C9C /* 10660.ttf */,
			);
			name = ember;
			sourceTree = "<group>";
		};
		68C635DC6FF662C60BC1EAED /* Frameworks */ = {
			isa = PBXGroup;
			children = (
				1B7062D315E25947B4B7AA07 /* Pods_LastTodoApp2.framework */,
				28F976B9AF4826E2FD09FBCD /* Pods_LastTodoApp2Tests.framework */,
				CDE0AEF7B17C9825B6A5B907 /* Pods_LastTodoApp2UITests.framework */,
			);
			name = Frameworks;
			sourceTree = "<group>";
		};
/* End PBXGroup section */

/* Begin PBXNativeTarget section */
		5B89EA471F82861300254C9C /* LastTodoApp2 */ = {
			isa = PBXNativeTarget;
			buildConfigurationList = 5B89EA701F82861400254C9C /* Build configuration list for PBXNativeTarget "LastTodoApp2" */;
			buildPhases = (
				40748065278F17AD12EAFC70 /* [CP] Check Pods Manifest.lock */,
				5B89EA441F82861300254C9C /* Sources */,
				5B89EA451F82861300254C9C /* Frameworks */,
				5B89EA461F82861300254C9C /* Resources */,
				5DBC308F0B673D7D74F4B6CB /* [CP] Embed Pods Frameworks */,
				DF1BAD287EA9B39AFC83DAF2 /* [CP] Copy Pods Resources */,
			);
			buildRules = (
			);
			dependencies = (
			);
			name = LastTodoApp2;
			productName = LastTodoApp2;
			productReference = 5B89EA481F82861300254C9C /* LastTodoApp2.app */;
			productType = "com.apple.product-type.application";
		};
		5B89EA5B1F82861400254C9C /* LastTodoApp2Tests */ = {
			isa = PBXNativeTarget;
			buildConfigurationList = 5B89EA731F82861400254C9C /* Build configuration list for PBXNativeTarget "LastTodoApp2Tests" */;
			buildPhases = (
				9B5D8A9624C33790B76CA7CD /* [CP] Check Pods Manifest.lock */,
				5B89EA581F82861400254C9C /* Sources */,
				5B89EA591F82861400254C9C /* Frameworks */,
				5B89EA5A1F82861400254C9C /* Resources */,
				A94E842C3FC1ADA5344297F1 /* [CP] Embed Pods Frameworks */,
				DCD73FD3F2268B6DD9C84BF3 /* [CP] Copy Pods Resources */,
			);
			buildRules = (
			);
			dependencies = (
				5B89EA5E1F82861400254C9C /* PBXTargetDependency */,
			);
			name = LastTodoApp2Tests;
			productName = LastTodoApp2Tests;
			productReference = 5B89EA5C1F82861400254C9C /* LastTodoApp2Tests.xctest */;
			productType = "com.apple.product-type.bundle.unit-test";
		};
		5B89EA661F82861400254C9C /* LastTodoApp2UITests */ = {
			isa = PBXNativeTarget;
			buildConfigurationList = 5B89EA761F82861400254C9C /* Build configuration list for PBXNativeTarget "LastTodoApp2UITests" */;
			buildPhases = (
				EDC327A34ACAE1CBFEBED361 /* [CP] Check Pods Manifest.lock */,
				5B89EA631F82861400254C9C /* Sources */,
				5B89EA641F82861400254C9C /* Frameworks */,
				5B89EA651F82861400254C9C /* Resources */,
				F5EABE54A1492BAB1054E396 /* [CP] Embed Pods Frameworks */,
				1B3C8B55778744A998145915 /* [CP] Copy Pods Resources */,
			);
			buildRules = (
			);
			dependencies = (
				5B89EA691F82861400254C9C /* PBXTargetDependency */,
			);
			name = LastTodoApp2UITests;
			productName = LastTodoApp2UITests;
			productReference = 5B89EA671F82861400254C9C /* LastTodoApp2UITests.xctest */;
			productType = "com.apple.product-type.bundle.ui-testing";
		};
/* End PBXNativeTarget section */

/* Begin PBXProject section */
		5B89EA401F82861300254C9C /* Project object */ = {
			isa = PBXProject;
			attributes = {
				LastSwiftUpdateCheck = 0820;
				LastUpgradeCheck = 0820;
				ORGANIZATIONNAME = vagrant;
				TargetAttributes = {
					5B89EA471F82861300254C9C = {
						CreatedOnToolsVersion = 8.2;
						ProvisioningStyle = Automatic;
					};
					5B89EA5B1F82861400254C9C = {
						CreatedOnToolsVersion = 8.2;
						ProvisioningStyle = Automatic;
						TestTargetID = 5B89EA471F82861300254C9C;
					};
					5B89EA661F82861400254C9C = {
						CreatedOnToolsVersion = 8.2;
						ProvisioningStyle = Automatic;
						TestTargetID = 5B89EA471F82861300254C9C;
					};
				};
			};
			buildConfigurationList = 5B89EA431F82861300254C9C /* Build configuration list for PBXProject "LastTodoApp2" */;
			compatibilityVersion = "Xcode 3.2";
			developmentRegion = English;
			hasScannedForEncodings = 0;
			knownRegions = (
				en,
				Base,
			);
			mainGroup = 5B89EA3F1F82861300254C9C;
			productRefGroup = 5B89EA491F82861300254C9C /* Products */;
			projectDirPath = "";
			projectRoot = "";
			targets = (
				5B89EA471F82861300254C9C /* LastTodoApp2 */,
				5B89EA5B1F82861400254C9C /* LastTodoApp2Tests */,
				5B89EA661F82861400254C9C /* LastTodoApp2UITests */,
			);
		};
/* End PBXProject section */

/* Begin PBXResourcesBuildPhase section */
		5B89EA461F82861300254C9C /* Resources */ = {
			isa = PBXResourcesBuildPhase;
			buildActionMask = 2147483647;
			files = (
				5B89EA561F82861400254C9C /* LaunchScreen.storyboard in Resources */,
				5B89EA531F82861400254C9C /* Assets.xcassets in Resources */,
				5B89EA931F8390CA00254C9C /* 10660.ttf in Resources */,
				5B89EA511F82861400254C9C /* Main.storyboard in Resources */,
			);
			runOnlyForDeploymentPostprocessing = 0;
		};
		5B89EA5A1F82861400254C9C /* Resources */ = {
			isa = PBXResourcesBuildPhase;
			buildActionMask = 2147483647;
			files = (
			);
			runOnlyForDeploymentPostprocessing = 0;
		};
		5B89EA651F82861400254C9C /* Resources */ = {
			isa = PBXResourcesBuildPhase;
			buildActionMask = 2147483647;
			files = (
			);
			runOnlyForDeploymentPostprocessing = 0;
		};
/* End PBXResourcesBuildPhase section */

/* Begin PBXShellScriptBuildPhase section */
		1B3C8B55778744A998145915 /* [CP] Copy Pods Resources */ = {
			isa = PBXShellScriptBuildPhase;
			buildActionMask = 2147483647;
			files = (
			);
			inputPaths = (
			);
			name = "[CP] Copy Pods Resources";
			outputPaths = (
			);
			runOnlyForDeploymentPostprocessing = 0;
			shellPath = /bin/sh;
			shellScript = "\"${SRCROOT}/Pods/Target Support Files/Pods-LastTodoApp2UITests/Pods-LastTodoApp2UITests-resources.sh\"\n";
			showEnvVarsInLog = 0;
		};
		40748065278F17AD12EAFC70 /* [CP] Check Pods Manifest.lock */ = {
			isa = PBXShellScriptBuildPhase;
			buildActionMask = 2147483647;
			files = (
			);
			inputPaths = (
				"${PODS_PODFILE_DIR_PATH}/Podfile.lock",
				"${PODS_ROOT}/Manifest.lock",
			);
			name = "[CP] Check Pods Manifest.lock";
			outputPaths = (
				"$(DERIVED_FILE_DIR)/Pods-LastTodoApp2-checkManifestLockResult.txt",
			);
			runOnlyForDeploymentPostprocessing = 0;
			shellPath = /bin/sh;
			shellScript = "diff \"${PODS_PODFILE_DIR_PATH}/Podfile.lock\" \"${PODS_ROOT}/Manifest.lock\" > /dev/null\nif [ $? != 0 ] ; then\n    # print error to STDERR\n    echo \"error: The sandbox is not in sync with the Podfile.lock. Run 'pod install' or update your CocoaPods installation.\" >&2\n    exit 1\nfi\n# This output is used by Xcode 'outputs' to avoid re-running this script phase.\necho \"SUCCESS\" > \"${SCRIPT_OUTPUT_FILE_0}\"\n";
			showEnvVarsInLog = 0;
		};
		5DBC308F0B673D7D74F4B6CB /* [CP] Embed Pods Frameworks */ = {
			isa = PBXShellScriptBuildPhase;
			buildActionMask = 2147483647;
			files = (
			);
			inputPaths = (
				"${SRCROOT}/Pods/Target Support Files/Pods-LastTodoApp2/Pods-LastTodoApp2-frameworks.sh",
				"${BUILT_PRODUCTS_DIR}/Alamofire/Alamofire.framework",
				"${BUILT_PRODUCTS_DIR}/SwiftyJSON/SwiftyJSON.framework",
			);
			name = "[CP] Embed Pods Frameworks";
			outputPaths = (
				"${TARGET_BUILD_DIR}/${FRAMEWORKS_FOLDER_PATH}/Alamofire.framework",
				"${TARGET_BUILD_DIR}/${FRAMEWORKS_FOLDER_PATH}/SwiftyJSON.framework",
			);
			runOnlyForDeploymentPostprocessing = 0;
			shellPath = /bin/sh;
			shellScript = "\"${SRCROOT}/Pods/Target Support Files/Pods-LastTodoApp2/Pods-LastTodoApp2-frameworks.sh\"\n";
			showEnvVarsInLog = 0;
		};
		9B5D8A9624C33790B76CA7CD /* [CP] Check Pods Manifest.lock */ = {
			isa = PBXShellScriptBuildPhase;
			buildActionMask = 2147483647;
			files = (
			);
			inputPaths = (
				"${PODS_PODFILE_DIR_PATH}/Podfile.lock",
				"${PODS_ROOT}/Manifest.lock",
			);
			name = "[CP] Check Pods Manifest.lock";
			outputPaths = (
				"$(DERIVED_FILE_DIR)/Pods-LastTodoApp2Tests-checkManifestLockResult.txt",
			);
			runOnlyForDeploymentPostprocessing = 0;
			shellPath = /bin/sh;
			shellScript = "diff \"${PODS_PODFILE_DIR_PATH}/Podfile.lock\" \"${PODS_ROOT}/Manifest.lock\" > /dev/null\nif [ $? != 0 ] ; then\n    # print error to STDERR\n    echo \"error: The sandbox is not in sync with the Podfile.lock. Run 'pod install' or update your CocoaPods installation.\" >&2\n    exit 1\nfi\n# This output is used by Xcode 'outputs' to avoid re-running this script phase.\necho \"SUCCESS\" > \"${SCRIPT_OUTPUT_FILE_0}\"\n";
			showEnvVarsInLog = 0;
		};
		A94E842C3FC1ADA5344297F1 /* [CP] Embed Pods Frameworks */ = {
			isa = PBXShellScriptBuildPhase;
			buildActionMask = 2147483647;
			files = (
			);
			inputPaths = (
			);
			name = "[CP] Embed Pods Frameworks";
			outputPaths = (
			);
			runOnlyForDeploymentPostprocessing = 0;
			shellPath = /bin/sh;
			shellScript = "\"${SRCROOT}/Pods/Target Support Files/Pods-LastTodoApp2Tests/Pods-LastTodoApp2Tests-frameworks.sh\"\n";
			showEnvVarsInLog = 0;
		};
		DCD73FD3F2268B6DD9C84BF3 /* [CP] Copy Pods Resources */ = {
			isa = PBXShellScriptBuildPhase;
			buildActionMask = 2147483647;
			files = (
			);
			inputPaths = (
			);
			name = "[CP] Copy Pods Resources";
			outputPaths = (
			);
			runOnlyForDeploymentPostprocessing = 0;
			shellPath = /bin/sh;
			shellScript = "\"${SRCROOT}/Pods/Target Support Files/Pods-LastTodoApp2Tests/Pods-LastTodoApp2Tests-resources.sh\"\n";
			showEnvVarsInLog = 0;
		};
		DF1BAD287EA9B39AFC83DAF2 /* [CP] Copy Pods Resources */ = {
			isa = PBXShellScriptBuildPhase;
			buildActionMask = 2147483647;
			files = (
			);
			inputPaths = (
			);
			name = "[CP] Copy Pods Resources";
			outputPaths = (
			);
			runOnlyForDeploymentPostprocessing = 0;
			shellPath = /bin/sh;
			shellScript = "\"${SRCROOT}/Pods/Target Support Files/Pods-LastTodoApp2/Pods-LastTodoApp2-resources.sh\"\n";
			showEnvVarsInLog = 0;
		};
		EDC327A34ACAE1CBFEBED361 /* [CP] Check Pods Manifest.lock */ = {
			isa = PBXShellScriptBuildPhase;
			buildActionMask = 2147483647;
			files = (
			);
			inputPaths = (
				"${PODS_PODFILE_DIR_PATH}/Podfile.lock",
				"${PODS_ROOT}/Manifest.lock",
			);
			name = "[CP] Check Pods Manifest.lock";
			outputPaths = (
				"$(DERIVED_FILE_DIR)/Pods-LastTodoApp2UITests-checkManifestLockResult.txt",
			);
			runOnlyForDeploymentPostprocessing = 0;
			shellPath = /bin/sh;
			shellScript = "diff \"${PODS_PODFILE_DIR_PATH}/Podfile.lock\" \"${PODS_ROOT}/Manifest.lock\" > /dev/null\nif [ $? != 0 ] ; then\n    # print error to STDERR\n    echo \"error: The sandbox is not in sync with the Podfile.lock. Run 'pod install' or update your CocoaPods installation.\" >&2\n    exit 1\nfi\n# This output is used by Xcode 'outputs' to avoid re-running this script phase.\necho \"SUCCESS\" > \"${SCRIPT_OUTPUT_FILE_0}\"\n";
			showEnvVarsInLog = 0;
		};
		F5EABE54A1492BAB1054E396 /* [CP] Embed Pods Frameworks */ = {
			isa = PBXShellScriptBuildPhase;
			buildActionMask = 2147483647;
			files = (
			);
			inputPaths = (
			);
			name = "[CP] Embed Pods Frameworks";
			outputPaths = (
			);
			runOnlyForDeploymentPostprocessing = 0;
			shellPath = /bin/sh;
			shellScript = "\"${SRCROOT}/Pods/Target Support Files/Pods-LastTodoApp2UITests/Pods-LastTodoApp2UITests-frameworks.sh\"\n";
			showEnvVarsInLog = 0;
		};
/* End PBXShellScriptBuildPhase section */

/* Begin PBXSourcesBuildPhase section */
		5B89EA441F82861300254C9C /* Sources */ = {
			isa = PBXSourcesBuildPhase;
			buildActionMask = 2147483647;
			files = (
				5B89EA7A1F828A7E00254C9C /* todoCell.swift in Sources */,
				5B89EA861F82C72200254C9C /* Todo.swift in Sources */,
				5B89EA4E1F82861400254C9C /* todoController.swift in Sources */,
				5B89EA4C1F82861300254C9C /* AppDelegate.swift in Sources */,
				5B89EA841F82C67D00254C9C /* Project.swift in Sources */,
				5B89EA821F82A5FC00254C9C /* VKCheckbox.swift in Sources */,
				5B89EA8C1F82DEF600254C9C /* addTodo.swift in Sources */,
			);
			runOnlyForDeploymentPostprocessing = 0;
		};
		5B89EA581F82861400254C9C /* Sources */ = {
			isa = PBXSourcesBuildPhase;
			buildActionMask = 2147483647;
			files = (
				5B89EA611F82861400254C9C /* LastTodoApp2Tests.swift in Sources */,
			);
			runOnlyForDeploymentPostprocessing = 0;
		};
		5B89EA631F82861400254C9C /* Sources */ = {
			isa = PBXSourcesBuildPhase;
			buildActionMask = 2147483647;
			files = (
				5B89EA6C1F82861400254C9C /* LastTodoApp2UITests.swift in Sources */,
			);
			runOnlyForDeploymentPostprocessing = 0;
		};
/* End PBXSourcesBuildPhase section */

/* Begin PBXTargetDependency section */
		5B89EA5E1F82861400254C9C /* PBXTargetDependency */ = {
			isa = PBXTargetDependency;
			target = 5B89EA471F82861300254C9C /* LastTodoApp2 */;
			targetProxy = 5B89EA5D1F82861400254C9C /* PBXContainerItemProxy */;
		};
		5B89EA691F82861400254C9C /* PBXTargetDependency */ = {
			isa = PBXTargetDependency;
			target = 5B89EA471F82861300254C9C /* LastTodoApp2 */;
			targetProxy = 5B89EA681F82861400254C9C /* PBXContainerItemProxy */;
		};
/* End PBXTargetDependency section */

/* Begin PBXVariantGroup section */
		5B89EA4F1F82861400254C9C /* Main.storyboard */ = {
			isa = PBXVariantGroup;
			children = (
				5B89EA501F82861400254C9C /* Base */,
			);
			name = Main.storyboard;
			sourceTree = "<group>";
		};
		5B89EA541F82861400254C9C /* LaunchScreen.storyboard */ = {
			isa = PBXVariantGroup;
			children = (
				5B89EA551F82861400254C9C /* Base */,
			);
			name = LaunchScreen.storyboard;
			sourceTree = "<group>";
		};
/* End PBXVariantGroup section */

/* Begin XCBuildConfiguration section */
		5B89EA6E1F82861400254C9C /* Debug */ = {
			isa = XCBuildConfiguration;
			buildSettings = {
				ALWAYS_SEARCH_USER_PATHS = NO;
				CLANG_ANALYZER_NONNULL = YES;
				CLANG_CXX_LANGUAGE_STANDARD = "gnu++0x";
				CLANG_CXX_LIBRARY = "libc++";
				CLANG_ENABLE_MODULES = YES;
				CLANG_ENABLE_OBJC_ARC = YES;
				CLANG_WARN_BOOL_CONVERSION = YES;
				CLANG_WARN_CONSTANT_CONVERSION = YES;
				CLANG_WARN_DIRECT_OBJC_ISA_USAGE = YES_ERROR;
				CLANG_WARN_DOCUMENTATION_COMMENTS = YES;
				CLANG_WARN_EMPTY_BODY = YES;
				CLANG_WARN_ENUM_CONVERSION = YES;
				CLANG_WARN_INFINITE_RECURSION = YES;
				CLANG_WARN_INT_CONVERSION = YES;
				CLANG_WARN_OBJC_ROOT_CLASS = YES_ERROR;
				CLANG_WARN_SUSPICIOUS_MOVE = YES;
				CLANG_WARN_UNREACHABLE_CODE = YES;
				CLANG_WARN__DUPLICATE_METHOD_MATCH = YES;
				"CODE_SIGN_IDENTITY[sdk=iphoneos*]" = "iPhone Developer";
				COPY_PHASE_STRIP = NO;
				DEBUG_INFORMATION_FORMAT = dwarf;
				ENABLE_STRICT_OBJC_MSGSEND = YES;
				ENABLE_TESTABILITY = YES;
				GCC_C_LANGUAGE_STANDARD = gnu99;
				GCC_DYNAMIC_NO_PIC = NO;
				GCC_NO_COMMON_BLOCKS = YES;
				GCC_OPTIMIZATION_LEVEL = 0;
				GCC_PREPROCESSOR_DEFINITIONS = (
					"DEBUG=1",
					"$(inherited)",
				);
				GCC_WARN_64_TO_32_BIT_CONVERSION = YES;
				GCC_WARN_ABOUT_RETURN_TYPE = YES_ERROR;
				GCC_WARN_UNDECLARED_SELECTOR = YES;
				GCC_WARN_UNINITIALIZED_AUTOS = YES_AGGRESSIVE;
				GCC_WARN_UNUSED_FUNCTION = YES;
				GCC_WARN_UNUSED_VARIABLE = YES;
				IPHONEOS_DEPLOYMENT_TARGET = 10.2;
				MTL_ENABLE_DEBUG_INFO = YES;
				ONLY_ACTIVE_ARCH = YES;
				SDKROOT = iphoneos;
				SWIFT_ACTIVE_COMPILATION_CONDITIONS = DEBUG;
				SWIFT_OPTIMIZATION_LEVEL = "-Onone";
				TARGETED_DEVICE_FAMILY = "1,2";
			};
			name = Debug;
		};
		5B89EA6F1F82861400254C9C /* Release */ = {
			isa = XCBuildConfiguration;
			buildSettings = {
				ALWAYS_SEARCH_USER_PATHS = NO;
				CLANG_ANALYZER_NONNULL = YES;
				CLANG_CXX_LANGUAGE_STANDARD = "gnu++0x";
				CLANG_CXX_LIBRARY = "libc++";
				CLANG_ENABLE_MODULES = YES;
				CLANG_ENABLE_OBJC_ARC = YES;
				CLANG_WARN_BOOL_CONVERSION = YES;
				CLANG_WARN_CONSTANT_CONVERSION = YES;
				CLANG_WARN_DIRECT_OBJC_ISA_USAGE = YES_ERROR;
				CLANG_WARN_DOCUMENTATION_COMMENTS = YES;
				CLANG_WARN_EMPTY_BODY = YES;
				CLANG_WARN_ENUM_CONVERSION = YES;
				CLANG_WARN_INFINITE_RECURSION = YES;
				CLANG_WARN_INT_CONVERSION = YES;
				CLANG_WARN_OBJC_ROOT_CLASS = YES_ERROR;
				CLANG_WARN_SUSPICIOUS_MOVE = YES;
				CLANG_WARN_UNREACHABLE_CODE = YES;
				CLANG_WARN__DUPLICATE_METHOD_MATCH = YES;
				"CODE_SIGN_IDENTITY[sdk=iphoneos*]" = "iPhone Developer";
				COPY_PHASE_STRIP = NO;
				DEBUG_INFORMATION_FORMAT = "dwarf-with-dsym";
				ENABLE_NS_ASSERTIONS = NO;
				ENABLE_STRICT_OBJC_MSGSEND = YES;
				GCC_C_LANGUAGE_STANDARD = gnu99;
				GCC_NO_COMMON_BLOCKS = YES;
				GCC_WARN_64_TO_32_BIT_CONVERSION = YES;
				GCC_WARN_ABOUT_RETURN_TYPE = YES_ERROR;
				GCC_WARN_UNDECLARED_SELECTOR = YES;
				GCC_WARN_UNINITIALIZED_AUTOS = YES_AGGRESSIVE;
				GCC_WARN_UNUSED_FUNCTION = YES;
				GCC_WARN_UNUSED_VARIABLE = YES;
				IPHONEOS_DEPLOYMENT_TARGET = 10.2;
				MTL_ENABLE_DEBUG_INFO = NO;
				SDKROOT = iphoneos;
				SWIFT_OPTIMIZATION_LEVEL = "-Owholemodule";
				TARGETED_DEVICE_FAMILY = "1,2";
				VALIDATE_PRODUCT = YES;
			};
			name = Release;
		};
		5B89EA711F82861400254C9C /* Debug */ = {
			isa = XCBuildConfiguration;
			baseConfigurationReference = A19FFF5A72169B127C5FE273 /* Pods-LastTodoApp2.debug.xcconfig */;
			buildSettings = {
				ASSETCATALOG_COMPILER_APPICON_NAME = AppIcon;
				INFOPLIST_FILE = LastTodoApp2/Info.plist;
				LD_RUNPATH_SEARCH_PATHS = "$(inherited) @executable_path/Frameworks";
				PRODUCT_BUNDLE_IDENTIFIER = slava.LastTodoApp2;
				PRODUCT_NAME = "$(TARGET_NAME)";
				SWIFT_VERSION = 3.0;
				TARGETED_DEVICE_FAMILY = 1;
			};
			name = Debug;
		};
		5B89EA721F82861400254C9C /* Release */ = {
			isa = XCBuildConfiguration;
			baseConfigurationReference = E8E97F70E6FD838219084F32 /* Pods-LastTodoApp2.release.xcconfig */;
			buildSettings = {
				ASSETCATALOG_COMPILER_APPICON_NAME = AppIcon;
				INFOPLIST_FILE = LastTodoApp2/Info.plist;
				LD_RUNPATH_SEARCH_PATHS = "$(inherited) @executable_path/Frameworks";
				PRODUCT_BUNDLE_IDENTIFIER = slava.LastTodoApp2;
				PRODUCT_NAME = "$(TARGET_NAME)";
				SWIFT_VERSION = 3.0;
				TARGETED_DEVICE_FAMILY = 1;
			};
			name = Release;
		};
		5B89EA741F82861400254C9C /* Debug */ = {
			isa = XCBuildConfiguration;
			baseConfigurationReference = AA0BD0CD4AEDC05FEC647378 /* Pods-LastTodoApp2Tests.debug.xcconfig */;
			buildSettings = {
				ALWAYS_EMBED_SWIFT_STANDARD_LIBRARIES = YES;
				BUNDLE_LOADER = "$(TEST_HOST)";
				INFOPLIST_FILE = LastTodoApp2Tests/Info.plist;
				LD_RUNPATH_SEARCH_PATHS = "$(inherited) @executable_path/Frameworks @loader_path/Frameworks";
				PRODUCT_BUNDLE_IDENTIFIER = slava.LastTodoApp2Tests;
				PRODUCT_NAME = "$(TARGET_NAME)";
				SWIFT_VERSION = 3.0;
				TEST_HOST = "$(BUILT_PRODUCTS_DIR)/LastTodoApp2.app/LastTodoApp2";
			};
			name = Debug;
		};
		5B89EA751F82861400254C9C /* Release */ = {
			isa = XCBuildConfiguration;
			baseConfigurationReference = 765BEA8376D2881AAF9C6BAB /* Pods-LastTodoApp2Tests.release.xcconfig */;
			buildSettings = {
				ALWAYS_EMBED_SWIFT_STANDARD_LIBRARIES = YES;
				BUNDLE_LOADER = "$(TEST_HOST)";
				INFOPLIST_FILE = LastTodoApp2Tests/Info.plist;
				LD_RUNPATH_SEARCH_PATHS = "$(inherited) @executable_path/Frameworks @loader_path/Frameworks";
				PRODUCT_BUNDLE_IDENTIFIER = slava.LastTodoApp2Tests;
				PRODUCT_NAME = "$(TARGET_NAME)";
				SWIFT_VERSION = 3.0;
				TEST_HOST = "$(BUILT_PRODUCTS_DIR)/LastTodoApp2.app/LastTodoApp2";
			};
			name = Release;
		};
		5B89EA771F82861400254C9C /* Debug */ = {
			isa = XCBuildConfiguration;
			baseConfigurationReference = 7094471C5870868E0C702590 /* Pods-LastTodoApp2UITests.debug.xcconfig */;
			buildSettings = {
				ALWAYS_EMBED_SWIFT_STANDARD_LIBRARIES = YES;
				INFOPLIST_FILE = LastTodoApp2UITests/Info.plist;
				LD_RUNPATH_SEARCH_PATHS = "$(inherited) @executable_path/Frameworks @loader_path/Frameworks";
				PRODUCT_BUNDLE_IDENTIFIER = slava.LastTodoApp2UITests;
				PRODUCT_NAME = "$(TARGET_NAME)";
				SWIFT_VERSION = 3.0;
				TEST_TARGET_NAME = LastTodoApp2;
			};
			name = Debug;
		};
		5B89EA781F82861400254C9C /* Release */ = {
			isa = XCBuildConfiguration;
			baseConfigurationReference = A46D1ED396AE7296C8D95A28 /* Pods-LastTodoApp2UITests.release.xcconfig */;
			buildSettings = {
				ALWAYS_EMBED_SWIFT_STANDARD_LIBRARIES = YES;
				INFOPLIST_FILE = LastTodoApp2UITests/Info.plist;
				LD_RUNPATH_SEARCH_PATHS = "$(inherited) @executable_path/Frameworks @loader_path/Frameworks";
				PRODUCT_BUNDLE_IDENTIFIER = slava.LastTodoApp2UITests;
				PRODUCT_NAME = "$(TARGET_NAME)";
				SWIFT_VERSION = 3.0;
				TEST_TARGET_NAME = LastTodoApp2;
			};
			name = Release;
		};
/* End XCBuildConfiguration section */

/* Begin XCConfigurationList section */
		5B89EA431F82861300254C9C /* Build configuration list for PBXProject "LastTodoApp2" */ = {
			isa = XCConfigurationList;
			buildConfigurations = (
				5B89EA6E1F82861400254C9C /* Debug */,
				5B89EA6F1F82861400254C9C /* Release */,
			);
			defaultConfigurationIsVisible = 0;
			defaultConfigurationName = Release;
		};
		5B89EA701F82861400254C9C /* Build configuration list for PBXNativeTarget "LastTodoApp2" */ = {
			isa = XCConfigurationList;
			buildConfigurations = (
				5B89EA711F82861400254C9C /* Debug */,
				5B89EA721F82861400254C9C /* Release */,
			);
			defaultConfigurationIsVisible = 0;
			defaultConfigurationName = Release;
		};
		5B89EA731F82861400254C9C /* Build configuration list for PBXNativeTarget "LastTodoApp2Tests" */ = {
			isa = XCConfigurationList;
			buildConfigurations = (
				5B89EA741F82861400254C9C /* Debug */,
				5B89EA751F82861400254C9C /* Release */,
			);
			defaultConfigurationIsVisible = 0;
			defaultConfigurationName = Release;
		};
		5B89EA761F82861400254C9C /* Build configuration list for PBXNativeTarget "LastTodoApp2UITests" */ = {
			isa = XCConfigurationList;
			buildConfigurations = (
				5B89EA771F82861400254C9C /* Debug */,
				5B89EA781F82861400254C9C /* Release */,
			);
			defaultConfigurationIsVisible = 0;
			defaultConfigurationName = Release;
		};
/* End XCConfigurationList section */
	};
	rootObject = 5B89EA401F82861300254C9C /* Project object */;
}
